
Microsoft Visual Studio Solution File, Format Version 12.00
# Visual Studio Version 17
VisualStudioVersion = 17.4.33213.308
MinimumVisualStudioVersion = 10.0.40219.1
Project("{FAE04EC0-301F-11D3-BF4B-00C04F79EFBC}") = "Email Sending Console App", "Email Sending Console App.csproj", "{A56A9AD1-718E-426F-A8E8-E4BB87108ECD}"
EndProject
Global
	GlobalSection(SolutionConfigurationPlatforms) = preSolution
		Debug|Any CPU = Debug|Any CPU
		Release|Any CPU = Release|Any CPU
	EndGlobalSection
	GlobalSection(ProjectConfigurationPlatforms) = postSolution
		{A56A9AD1-718E-426F-A8E8-E4BB87108ECD}.Debug|Any CPU.ActiveCfg = Debug|Any CPU
		{A56A9AD1-718E-426F-A8E8-E4BB87108ECD}.Debug|Any CPU.Build.0 = Debug|Any CPU
		{A56A9AD1-718E-426F-A8E8-E4BB87108ECD}.Release|Any CPU.ActiveCfg = Release|Any CPU
		{A56A9AD1-718E-426F-A8E8-E4BB87108ECD}.Release|Any CPU.Build.0 = Release|Any CPU
	EndGlobalSection
	GlobalSection(SolutionProperties) = preSolution
		HideSolutionNode = FALSE
	EndGlobalSection
	GlobalSection(ExtensibilityGlobals) = postSolution
		SolutionGuid = {79988DEC-0530-4D68-AEFB-C56C531692C6}
	EndGlobalSection
EndGlobal
